PODS:
  - advance_pdf_viewer (1.0.5):
    - Flutter
  - Flutter (1.0.0)
  - flutter_compass (0.0.1):
    - Flutter
  - flutter_qiblah (0.0.1):
    - Flutter
  - FMDB (2.7.5):
    - FMDB/standard (= 2.7.5)
  - FMDB/standard (2.7.5)
  - geolocator (6.2.0):
    - Flutter
  - Mapbox-iOS-SDK (6.3.0):
    - MapboxMobileEvents (~> 0.10.4)
  - mapbox_gl (0.0.1):
    - Flutter
    - Mapbox-iOS-SDK (~> 6.3.0)
    - MapboxAnnotationExtension (~> 0.0.1-beta.1)
  - MapboxAnnotationExtension (0.0.1-beta.2):
    - Mapbox-iOS-SDK (~> 6.0)
  - MapboxMobileEvents (0.10.8)
  - path_provider (0.0.1):
    - Flutter
  - sqflite (0.0.2):
    - Flutter
    - FMDB (>= 2.7.5)
  - url_launcher (0.0.1):
    - Flutter

DEPENDENCIES:
  - advance_pdf_viewer (from `.symlinks/plugins/advance_pdf_viewer/ios`)
  - Flutter (from `Flutter`)
  - flutter_compass (from `.symlinks/plugins/flutter_compass/ios`)
  - flutter_qiblah (from `.symlinks/plugins/flutter_qiblah/ios`)
  - geolocator (from `.symlinks/plugins/geolocator/ios`)
  - mapbox_gl (from `.symlinks/plugins/mapbox_gl/ios`)
  - path_provider (from `.symlinks/plugins/path_provider/ios`)
  - sqflite (from `.symlinks/plugins/sqflite/ios`)
  - url_launcher (from `.symlinks/plugins/url_launcher/ios`)

SPEC REPOS:
  trunk:
    - FMDB
    - Mapbox-iOS-SDK
    - MapboxAnnotationExtension
    - MapboxMobileEvents

EXTERNAL SOURCES:
  advance_pdf_viewer:
    :path: ".symlinks/plugins/advance_pdf_viewer/ios"
  Flutter:
    :path: Flutter
  flutter_compass:
    :path: ".symlinks/plugins/flutter_compass/ios"
  flutter_qiblah:
    :path: ".symlinks/plugins/flutter_qiblah/ios"
  geolocator:
    :path: ".symlinks/plugins/geolocator/ios"
  mapbox_gl:
    :path: ".symlinks/plugins/mapbox_gl/ios"
  path_provider:
    :path: ".symlinks/plugins/path_provider/ios"
  sqflite:
    :path: ".symlinks/plugins/sqflite/ios"
  url_launcher:
    :path: ".symlinks/plugins/url_launcher/ios"

SPEC CHECKSUMS:
  advance_pdf_viewer: 5c832f382b4ca84fe735f893b7e91aa830c27d7b
  Flutter: 434fef37c0980e73bb6479ef766c45957d4b510c
  flutter_compass: cbbd285cea1584c7ac9c4e0c3e1f17cbea55e855
  flutter_qiblah: f69eeb708d127a2634073ab1f27771c979928f50
  FMDB: 2ce00b547f966261cd18927a3ddb07cb6f3db82a
  geolocator: f5e3de65e241caba7ce3e8a618803387bda73384
  Mapbox-iOS-SDK: 2563ed87ead6ec08f1c2090873977b8a7be335a8
  mapbox_gl: 4b91045a7fefc61a8813bad5248f54a8bd8bd1e5
  MapboxAnnotationExtension: 4eee6c26349ef6d909f1a23a7eae2d0f7ca5fa7d
  MapboxMobileEvents: 36ff53b135aac486eed94b61f813c7967a0c2c6f
  path_provider: abfe2b5c733d04e238b0d8691db0cfd63a27a93c
  sqflite: 6d358c025f5b867b29ed92fc697fd34924e11904
  url_launcher: 6fef411d543ceb26efce54b05a0a40bfd74cbbef

PODFILE CHECKSUM: 3915fc7425c79fdcde0b28550364d436dd92e592

COCOAPODS: 1.10.1
